
Microsoft Visual Studio Solution File, Format Version 12.00
# Visual Studio Version 16
VisualStudioVersion = 16.0.31112.23
MinimumVisualStudioVersion = 10.0.40219.1
Project("{FAE04EC0-301F-11D3-BF4B-00C04F79EFBC}") = "Cafe_Repository", "Cafe.Repository\Cafe_Repository.csproj", "{88269E96-40F6-41F0-9E9D-2B1C68947AC6}"
EndProject
Project("{FAE04EC0-301F-11D3-BF4B-00C04F79EFBC}") = "Cafe_UnitTest", "Cafe.Test\Cafe_UnitTest.csproj", "{7FE4C786-259C-42E5-A7AF-45DF620C206B}"
EndProject
Project("{FAE04EC0-301F-11D3-BF4B-00C04F79EFBC}") = "Cafe_UI", "CafeUI\Cafe_UI.csproj", "{0826D6AE-69F2-4178-B555-14B4D3C20240}"
EndProject
Global
	GlobalSection(SolutionConfigurationPlatforms) = preSolution
		Debug|Any CPU = Debug|Any CPU
		Release|Any CPU = Release|Any CPU
	EndGlobalSection
	GlobalSection(ProjectConfigurationPlatforms) = postSolution
		{88269E96-40F6-41F0-9E9D-2B1C68947AC6}.Debug|Any CPU.ActiveCfg = Debug|Any CPU
		{88269E96-40F6-41F0-9E9D-2B1C68947AC6}.Debug|Any CPU.Build.0 = Debug|Any CPU
		{88269E96-40F6-41F0-9E9D-2B1C68947AC6}.Release|Any CPU.ActiveCfg = Release|Any CPU
		{88269E96-40F6-41F0-9E9D-2B1C68947AC6}.Release|Any CPU.Build.0 = Release|Any CPU
		{7FE4C786-259C-42E5-A7AF-45DF620C206B}.Debug|Any CPU.ActiveCfg = Debug|Any CPU
		{7FE4C786-259C-42E5-A7AF-45DF620C206B}.Debug|Any CPU.Build.0 = Debug|Any CPU
		{7FE4C786-259C-42E5-A7AF-45DF620C206B}.Release|Any CPU.ActiveCfg = Release|Any CPU
		{7FE4C786-259C-42E5-A7AF-45DF620C206B}.Release|Any CPU.Build.0 = Release|Any CPU
		{0826D6AE-69F2-4178-B555-14B4D3C20240}.Debug|Any CPU.ActiveCfg = Debug|Any CPU
		{0826D6AE-69F2-4178-B555-14B4D3C20240}.Debug|Any CPU.Build.0 = Debug|Any CPU
		{0826D6AE-69F2-4178-B555-14B4D3C20240}.Release|Any CPU.ActiveCfg = Release|Any CPU
		{0826D6AE-69F2-4178-B555-14B4D3C20240}.Release|Any CPU.Build.0 = Release|Any CPU
	EndGlobalSection
	GlobalSection(SolutionProperties) = preSolution
		HideSolutionNode = FALSE
	EndGlobalSection
	GlobalSection(ExtensibilityGlobals) = postSolution
		SolutionGuid = {F28751A2-C147-4D01-BCAF-EE2B3E1312F7}
	EndGlobalSection
EndGlobal
